
Microsoft Visual Studio Solution File, Format Version 11.00
# Visual Studio 2012
Project("{FAE04EC0-301F-11D3-BF4B-00C04F79EFBC}") = "XNAtutorial", "XNAtutorial\XNAtutorial\XNAtutorial.csproj", "{90011EF7-3E46-4695-8BD8-B1B7DF5C15A9}"
EndProject
Project("{96E2B04D-8817-42C6-938A-82C39BA4D311}") = "XNAtutorialContent", "XNAtutorial\XNAtutorialContent\XNAtutorialContent.contentproj", "{56698F17-DFDA-4819-BA78-21DDCF2B3BDA}"
EndProject
Global
	GlobalSection(SolutionConfigurationPlatforms) = preSolution
		Debug|x86 = Debug|x86
		Release|x86 = Release|x86
	EndGlobalSection
	GlobalSection(ProjectConfigurationPlatforms) = postSolution
		{90011EF7-3E46-4695-8BD8-B1B7DF5C15A9}.Debug|x86.ActiveCfg = Debug|x86
		{90011EF7-3E46-4695-8BD8-B1B7DF5C15A9}.Debug|x86.Build.0 = Debug|x86
		{90011EF7-3E46-4695-8BD8-B1B7DF5C15A9}.Release|x86.ActiveCfg = Release|x86
		{90011EF7-3E46-4695-8BD8-B1B7DF5C15A9}.Release|x86.Build.0 = Release|x86
		{56698F17-DFDA-4819-BA78-21DDCF2B3BDA}.Debug|x86.ActiveCfg = Debug|x86
		{56698F17-DFDA-4819-BA78-21DDCF2B3BDA}.Release|x86.ActiveCfg = Release|x86
	EndGlobalSection
	GlobalSection(SolutionProperties) = preSolution
		HideSolutionNode = FALSE
	EndGlobalSection
EndGlobal
